// !$*UTF8*$!
{
	archiveVersion = 1;
	classes = {
	};
	objectVersion = 46;
	objects = {

/* Begin PBXBuildFile section */
		0A2171116B2CBFE080EC2C7A /* Pods_MoveUITests.framework in Frameworks */ = {isa = PBXBuildFile; fileRef = 5E418B37BE4E933A775A473B /* Pods_MoveUITests.framework */; };
		D706CC2E5DDFAD8789CFFF61 /* Pods_MoveTests.framework in Frameworks */ = {isa = PBXBuildFile; fileRef = 25077FEB1D324DA41E6925A6 /* Pods_MoveTests.framework */; };
		E90385931F2C69F40003F466 /* AppDelegate.swift in Sources */ = {isa = PBXBuildFile; fileRef = E90385921F2C69F40003F466 /* AppDelegate.swift */; };
		E90385981F2C69F40003F466 /* Main.storyboard in Resources */ = {isa = PBXBuildFile; fileRef = E90385961F2C69F40003F466 /* Main.storyboard */; };
		E903859A1F2C69F40003F466 /* Assets.xcassets in Resources */ = {isa = PBXBuildFile; fileRef = E90385991F2C69F40003F466 /* Assets.xcassets */; };
		E903859D1F2C69F40003F466 /* LaunchScreen.storyboard in Resources */ = {isa = PBXBuildFile; fileRef = E903859B1F2C69F40003F466 /* LaunchScreen.storyboard */; };
		E90385A81F2C69F50003F466 /* MoveTests.swift in Sources */ = {isa = PBXBuildFile; fileRef = E90385A71F2C69F50003F466 /* MoveTests.swift */; };
		E90385B31F2C69F50003F466 /* MoveUITests.swift in Sources */ = {isa = PBXBuildFile; fileRef = E90385B21F2C69F50003F466 /* MoveUITests.swift */; };
		E90385C21F2CA05C0003F466 /* HomeViewController.swift in Sources */ = {isa = PBXBuildFile; fileRef = E90385C11F2CA05C0003F466 /* HomeViewController.swift */; };
		E90385C51F2CA17A0003F466 /* Global.swift in Sources */ = {isa = PBXBuildFile; fileRef = E90385C41F2CA17A0003F466 /* Global.swift */; };
		EEB752E3F0B22047DBF15D2A /* Pods_Move.framework in Frameworks */ = {isa = PBXBuildFile; fileRef = ADA58EBD9F7D9F3EF10222A9 /* Pods_Move.framework */; };
/* End PBXBuildFile section */

/* Begin PBXContainerItemProxy section */
		E90385A41F2C69F50003F466 /* PBXContainerItemProxy */ = {
			isa = PBXContainerItemProxy;
			containerPortal = E90385871F2C69F40003F466 /* Project object */;
			proxyType = 1;
			remoteGlobalIDString = E903858E1F2C69F40003F466;
			remoteInfo = Move;
		};
		E90385AF1F2C69F50003F466 /* PBXContainerItemProxy */ = {
			isa = PBXContainerItemProxy;
			containerPortal = E90385871F2C69F40003F466 /* Project object */;
			proxyType = 1;
			remoteGlobalIDString = E903858E1F2C69F40003F466;
			remoteInfo = Move;
		};
/* End PBXContainerItemProxy section */

/* Begin PBXFileReference section */
		003F4545AC796479CD7B2D8E /* Pods-Move.release.xcconfig */ = {isa = PBXFileReference; includeInIndex = 1; lastKnownFileType = text.xcconfig; name = "Pods-Move.release.xcconfig"; path = "Pods/Target Support Files/Pods-Move/Pods-Move.release.xcconfig"; sourceTree = "<group>"; };
		23B95304DE9EA4F4869A4336 /* Pods-MoveTests.debug.xcconfig */ = {isa = PBXFileReference; includeInIndex = 1; lastKnownFileType = text.xcconfig; name = "Pods-MoveTests.debug.xcconfig"; path = "Pods/Target Support Files/Pods-MoveTests/Pods-MoveTests.debug.xcconfig"; sourceTree = "<group>"; };
		25077FEB1D324DA41E6925A6 /* Pods_MoveTests.framework */ = {isa = PBXFileReference; explicitFileType = wrapper.framework; includeInIndex = 0; path = Pods_MoveTests.framework; sourceTree = BUILT_PRODUCTS_DIR; };
		5E418B37BE4E933A775A473B /* Pods_MoveUITests.framework */ = {isa = PBXFileReference; explicitFileType = wrapper.framework; includeInIndex = 0; path = Pods_MoveUITests.framework; sourceTree = BUILT_PRODUCTS_DIR; };
		A6014565BF5861CC09B2DCE4 /* Pods-MoveTests.release.xcconfig */ = {isa = PBXFileReference; includeInIndex = 1; lastKnownFileType = text.xcconfig; name = "Pods-MoveTests.release.xcconfig"; path = "Pods/Target Support Files/Pods-MoveTests/Pods-MoveTests.release.xcconfig"; sourceTree = "<group>"; };
		ADA58EBD9F7D9F3EF10222A9 /* Pods_Move.framework */ = {isa = PBXFileReference; explicitFileType = wrapper.framework; includeInIndex = 0; path = Pods_Move.framework; sourceTree = BUILT_PRODUCTS_DIR; };
		C5F0C9FC74CA48AED0623725 /* Pods-MoveUITests.release.xcconfig */ = {isa = PBXFileReference; includeInIndex = 1; lastKnownFileType = text.xcconfig; name = "Pods-MoveUITests.release.xcconfig"; path = "Pods/Target Support Files/Pods-MoveUITests/Pods-MoveUITests.release.xcconfig"; sourceTree = "<group>"; };
		DC7BD564F793019178FAF908 /* Pods-Move.debug.xcconfig */ = {isa = PBXFileReference; includeInIndex = 1; lastKnownFileType = text.xcconfig; name = "Pods-Move.debug.xcconfig"; path = "Pods/Target Support Files/Pods-Move/Pods-Move.debug.xcconfig"; sourceTree = "<group>"; };
		E903858F1F2C69F40003F466 /* Move.app */ = {isa = PBXFileReference; explicitFileType = wrapper.application; includeInIndex = 0; path = Move.app; sourceTree = BUILT_PRODUCTS_DIR; };
		E90385921F2C69F40003F466 /* AppDelegate.swift */ = {isa = PBXFileReference; lastKnownFileType = sourcecode.swift; path = AppDelegate.swift; sourceTree = "<group>"; };
		E90385971F2C69F40003F466 /* Base */ = {isa = PBXFileReference; lastKnownFileType = file.storyboard; name = Base; path = Base.lproj/Main.storyboard; sourceTree = "<group>"; };
		E90385991F2C69F40003F466 /* Assets.xcassets */ = {isa = PBXFileReference; lastKnownFileType = folder.assetcatalog; path = Assets.xcassets; sourceTree = "<group>"; };
		E903859C1F2C69F40003F466 /* Base */ = {isa = PBXFileReference; lastKnownFileType = file.storyboard; name = Base; path = Base.lproj/LaunchScreen.storyboard; sourceTree = "<group>"; };
		E903859E1F2C69F40003F466 /* Info.plist */ = {isa = PBXFileReference; lastKnownFileType = text.plist.xml; path = Info.plist; sourceTree = "<group>"; };
		E90385A31F2C69F50003F466 /* MoveTests.xctest */ = {isa = PBXFileReference; explicitFileType = wrapper.cfbundle; includeInIndex = 0; path = MoveTests.xctest; sourceTree = BUILT_PRODUCTS_DIR; };
		E90385A71F2C69F50003F466 /* MoveTests.swift */ = {isa = PBXFileReference; lastKnownFileType = sourcecode.swift; path = MoveTests.swift; sourceTree = "<group>"; };
		E90385A91F2C69F50003F466 /* Info.plist */ = {isa = PBXFileReference; lastKnownFileType = text.plist.xml; path = Info.plist; sourceTree = "<group>"; };
		E90385AE1F2C69F50003F466 /* MoveUITests.xctest */ = {isa = PBXFileReference; explicitFileType = wrapper.cfbundle; includeInIndex = 0; path = MoveUITests.xctest; sourceTree = BUILT_PRODUCTS_DIR; };
		E90385B21F2C69F50003F466 /* MoveUITests.swift */ = {isa = PBXFileReference; lastKnownFileType = sourcecode.swift; path = MoveUITests.swift; sourceTree = "<group>"; };
		E90385B41F2C69F50003F466 /* Info.plist */ = {isa = PBXFileReference; lastKnownFileType = text.plist.xml; path = Info.plist; sourceTree = "<group>"; };
		E90385C11F2CA05C0003F466 /* HomeViewController.swift */ = {isa = PBXFileReference; fileEncoding = 4; lastKnownFileType = sourcecode.swift; path = HomeViewController.swift; sourceTree = "<group>"; };
		E90385C41F2CA17A0003F466 /* Global.swift */ = {isa = PBXFileReference; fileEncoding = 4; lastKnownFileType = sourcecode.swift; path = Global.swift; sourceTree = "<group>"; };
		F93BBAD760537272FA28894D /* Pods-MoveUITests.debug.xcconfig */ = {isa = PBXFileReference; includeInIndex = 1; lastKnownFileType = text.xcconfig; name = "Pods-MoveUITests.debug.xcconfig"; path = "Pods/Target Support Files/Pods-MoveUITests/Pods-MoveUITests.debug.xcconfig"; sourceTree = "<group>"; };
/* End PBXFileReference section */

/* Begin PBXFrameworksBuildPhase section */
		E903858C1F2C69F40003F466 /* Frameworks */ = {
			isa = PBXFrameworksBuildPhase;
			buildActionMask = 2147483647;
			files = (
				EEB752E3F0B22047DBF15D2A /* Pods_Move.framework in Frameworks */,
			);
			runOnlyForDeploymentPostprocessing = 0;
		};
		E90385A01F2C69F50003F466 /* Frameworks */ = {
			isa = PBXFrameworksBuildPhase;
			buildActionMask = 2147483647;
			files = (
				D706CC2E5DDFAD8789CFFF61 /* Pods_MoveTests.framework in Frameworks */,
			);
			runOnlyForDeploymentPostprocessing = 0;
		};
		E90385AB1F2C69F50003F466 /* Frameworks */ = {
			isa = PBXFrameworksBuildPhase;
			buildActionMask = 2147483647;
			files = (
				0A2171116B2CBFE080EC2C7A /* Pods_MoveUITests.framework in Frameworks */,
			);
			runOnlyForDeploymentPostprocessing = 0;
		};
/* End PBXFrameworksBuildPhase section */

/* Begin PBXGroup section */
		C3AA69D277BAC4B7594A7427 /* Pods */ = {
			isa = PBXGroup;
			children = (
				DC7BD564F793019178FAF908 /* Pods-Move.debug.xcconfig */,
				003F4545AC796479CD7B2D8E /* Pods-Move.release.xcconfig */,
				23B95304DE9EA4F4869A4336 /* Pods-MoveTests.debug.xcconfig */,
				A6014565BF5861CC09B2DCE4 /* Pods-MoveTests.release.xcconfig */,
				F93BBAD760537272FA28894D /* Pods-MoveUITests.debug.xcconfig */,
				C5F0C9FC74CA48AED0623725 /* Pods-MoveUITests.release.xcconfig */,
			);
			name = Pods;
			sourceTree = "<group>";
		};
		E05010386257E5C994A82BED /* Frameworks */ = {
			isa = PBXGroup;
			children = (
				ADA58EBD9F7D9F3EF10222A9 /* Pods_Move.framework */,
				25077FEB1D324DA41E6925A6 /* Pods_MoveTests.framework */,
				5E418B37BE4E933A775A473B /* Pods_MoveUITests.framework */,
			);
			name = Frameworks;
			sourceTree = "<group>";
		};
		E90385861F2C69F40003F466 = {
			isa = PBXGroup;
			children = (
				E90385911F2C69F40003F466 /* Move */,
				E90385A61F2C69F50003F466 /* MoveTests */,
				E90385B11F2C69F50003F466 /* MoveUITests */,
				E90385901F2C69F40003F466 /* Products */,
				C3AA69D277BAC4B7594A7427 /* Pods */,
				E05010386257E5C994A82BED /* Frameworks */,
			);
			sourceTree = "<group>";
		};
		E90385901F2C69F40003F466 /* Products */ = {
			isa = PBXGroup;
			children = (
				E903858F1F2C69F40003F466 /* Move.app */,
				E90385A31F2C69F50003F466 /* MoveTests.xctest */,
				E90385AE1F2C69F50003F466 /* MoveUITests.xctest */,
			);
			name = Products;
			sourceTree = "<group>";
		};
		E90385911F2C69F40003F466 /* Move */ = {
			isa = PBXGroup;
			children = (
				E90385C31F2CA1690003F466 /* Helpers */,
				E90385C01F2CA04A0003F466 /* Home */,
				E90385921F2C69F40003F466 /* AppDelegate.swift */,
				E90385961F2C69F40003F466 /* Main.storyboard */,
				E90385991F2C69F40003F466 /* Assets.xcassets */,
				E903859B1F2C69F40003F466 /* LaunchScreen.storyboard */,
				E903859E1F2C69F40003F466 /* Info.plist */,
			);
			path = Move;
			sourceTree = "<group>";
		};
		E90385A61F2C69F50003F466 /* MoveTests */ = {
			isa = PBXGroup;
			children = (
				E90385A71F2C69F50003F466 /* MoveTests.swift */,
				E90385A91F2C69F50003F466 /* Info.plist */,
			);
			path = MoveTests;
			sourceTree = "<group>";
		};
		E90385B11F2C69F50003F466 /* MoveUITests */ = {
			isa = PBXGroup;
			children = (
				E90385B21F2C69F50003F466 /* MoveUITests.swift */,
				E90385B41F2C69F50003F466 /* Info.plist */,
			);
			path = MoveUITests;
			sourceTree = "<group>";
		};
		E90385C01F2CA04A0003F466 /* Home */ = {
			isa = PBXGroup;
			children = (
				E90385C11F2CA05C0003F466 /* HomeViewController.swift */,
			);
			name = Home;
			sourceTree = "<group>";
		};
		E90385C31F2CA1690003F466 /* Helpers */ = {
			isa = PBXGroup;
			children = (
				E90385C41F2CA17A0003F466 /* Global.swift */,
			);
			name = Helpers;
			sourceTree = "<group>";
		};
/* End PBXGroup section */

/* Begin PBXNativeTarget section */
		E903858E1F2C69F40003F466 /* Move */ = {
			isa = PBXNativeTarget;
			buildConfigurationList = E90385B71F2C69F50003F466 /* Build configuration list for PBXNativeTarget "Move" */;
			buildPhases = (
				B5692DB3D7056E87D824FD5E /* [CP] Check Pods Manifest.lock */,
				E903858B1F2C69F40003F466 /* Sources */,
				E903858C1F2C69F40003F466 /* Frameworks */,
				E903858D1F2C69F40003F466 /* Resources */,
				716A2C07F768517EFCAFF8EB /* [CP] Embed Pods Frameworks */,
				B49AD9518C6BA56F4AB1033F /* [CP] Copy Pods Resources */,
			);
			buildRules = (
			);
			dependencies = (
			);
			name = Move;
			productName = Move;
			productReference = E903858F1F2C69F40003F466 /* Move.app */;
			productType = "com.apple.product-type.application";
		};
		E90385A21F2C69F50003F466 /* MoveTests */ = {
			isa = PBXNativeTarget;
			buildConfigurationList = E90385BA1F2C69F50003F466 /* Build configuration list for PBXNativeTarget "MoveTests" */;
			buildPhases = (
				7A1CC21774A149C72A91F30E /* [CP] Check Pods Manifest.lock */,
				E903859F1F2C69F50003F466 /* Sources */,
				E90385A01F2C69F50003F466 /* Frameworks */,
				E90385A11F2C69F50003F466 /* Resources */,
				C0E1321FEE488C158F36120A /* [CP] Embed Pods Frameworks */,
				50E2A8444FE7D50986CD67A7 /* [CP] Copy Pods Resources */,
			);
			buildRules = (
			);
			dependencies = (
				E90385A51F2C69F50003F466 /* PBXTargetDependency */,
			);
			name = MoveTests;
			productName = MoveTests;
			productReference = E90385A31F2C69F50003F466 /* MoveTests.xctest */;
			productType = "com.apple.product-type.bundle.unit-test";
		};
		E90385AD1F2C69F50003F466 /* MoveUITests */ = {
			isa = PBXNativeTarget;
			buildConfigurationList = E90385BD1F2C69F50003F466 /* Build configuration list for PBXNativeTarget "MoveUITests" */;
			buildPhases = (
				07DD655E420627E8B59237FE /* [CP] Check Pods Manifest.lock */,
				E90385AA1F2C69F50003F466 /* Sources */,
				E90385AB1F2C69F50003F466 /* Frameworks */,
				E90385AC1F2C69F50003F466 /* Resources */,
				A859D660A7204CC9476841CE /* [CP] Embed Pods Frameworks */,
				B7FA335A5CEBF8C8BA98321B /* [CP] Copy Pods Resources */,
			);
			buildRules = (
			);
			dependencies = (
				E90385B01F2C69F50003F466 /* PBXTargetDependency */,
			);
			name = MoveUITests;
			productName = MoveUITests;
			productReference = E90385AE1F2C69F50003F466 /* MoveUITests.xctest */;
			productType = "com.apple.product-type.bundle.ui-testing";
		};
/* End PBXNativeTarget section */

/* Begin PBXProject section */
		E90385871F2C69F40003F466 /* Project object */ = {
			isa = PBXProject;
			attributes = {
				LastSwiftUpdateCheck = 0830;
				LastUpgradeCheck = 0830;
				ORGANIZATIONNAME = Crafted;
				TargetAttributes = {
					E903858E1F2C69F40003F466 = {
						CreatedOnToolsVersion = 8.3.3;
						DevelopmentTeam = GYL934XVH2;
						ProvisioningStyle = Automatic;
					};
					E90385A21F2C69F50003F466 = {
						CreatedOnToolsVersion = 8.3.3;
						DevelopmentTeam = GYL934XVH2;
						ProvisioningStyle = Automatic;
						TestTargetID = E903858E1F2C69F40003F466;
					};
					E90385AD1F2C69F50003F466 = {
						CreatedOnToolsVersion = 8.3.3;
						DevelopmentTeam = GYL934XVH2;
						ProvisioningStyle = Automatic;
						TestTargetID = E903858E1F2C69F40003F466;
					};
				};
			};
			buildConfigurationList = E903858A1F2C69F40003F466 /* Build configuration list for PBXProject "Move" */;
			compatibilityVersion = "Xcode 3.2";
			developmentRegion = English;
			hasScannedForEncodings = 0;
			knownRegions = (
				en,
				Base,
			);
			mainGroup = E90385861F2C69F40003F466;
			productRefGroup = E90385901F2C69F40003F466 /* Products */;
			projectDirPath = "";
			projectRoot = "";
			targets = (
				E903858E1F2C69F40003F466 /* Move */,
				E90385A21F2C69F50003F466 /* MoveTests */,
				E90385AD1F2C69F50003F466 /* MoveUITests */,
			);
		};
/* End PBXProject section */

/* Begin PBXResourcesBuildPhase section */
		E903858D1F2C69F40003F466 /* Resources */ = {
			isa = PBXResourcesBuildPhase;
			buildActionMask = 2147483647;
			files = (
				E903859D1F2C69F40003F466 /* LaunchScreen.storyboard in Resources */,
				E903859A1F2C69F40003F466 /* Assets.xcassets in Resources */,
				E90385981F2C69F40003F466 /* Main.storyboard in Resources */,
			);
			runOnlyForDeploymentPostprocessing = 0;
		};
		E90385A11F2C69F50003F466 /* Resources */ = {
			isa = PBXResourcesBuildPhase;
			buildActionMask = 2147483647;
			files = (
			);
			runOnlyForDeploymentPostprocessing = 0;
		};
		E90385AC1F2C69F50003F466 /* Resources */ = {
			isa = PBXResourcesBuildPhase;
			buildActionMask = 2147483647;
			files = (
			);
			runOnlyForDeploymentPostprocessing = 0;
		};
/* End PBXResourcesBuildPhase section */

/* Begin PBXShellScriptBuildPhase section */
		07DD655E420627E8B59237FE /* [CP] Check Pods Manifest.lock */ = {
			isa = PBXShellScriptBuildPhase;
			buildActionMask = 2147483647;
			files = (
			);
			inputPaths = (
			);
			name = "[CP] Check Pods Manifest.lock";
			outputPaths = (
			);
			runOnlyForDeploymentPostprocessing = 0;
			shellPath = /bin/sh;
			shellScript = "diff \"${PODS_ROOT}/../Podfile.lock\" \"${PODS_ROOT}/Manifest.lock\" > /dev/null\nif [ $? != 0 ] ; then\n    # print error to STDERR\n    echo \"error: The sandbox is not in sync with the Podfile.lock. Run 'pod install' or update your CocoaPods installation.\" >&2\n    exit 1\nfi\n";
			showEnvVarsInLog = 0;
		};
		50E2A8444FE7D50986CD67A7 /* [CP] Copy Pods Resources */ = {
			isa = PBXShellScriptBuildPhase;
			buildActionMask = 2147483647;
			files = (
			);
			inputPaths = (
			);
			name = "[CP] Copy Pods Resources";
			outputPaths = (
			);
			runOnlyForDeploymentPostprocessing = 0;
			shellPath = /bin/sh;
			shellScript = "\"${SRCROOT}/Pods/Target Support Files/Pods-MoveTests/Pods-MoveTests-resources.sh\"\n";
			showEnvVarsInLog = 0;
		};
		716A2C07F768517EFCAFF8EB /* [CP] Embed Pods Frameworks */ = {
			isa = PBXShellScriptBuildPhase;
			buildActionMask = 2147483647;
			files = (
			);
			inputPaths = (
			);
			name = "[CP] Embed Pods Frameworks";
			outputPaths = (
			);
			runOnlyForDeploymentPostprocessing = 0;
			shellPath = /bin/sh;
			shellScript = "\"${SRCROOT}/Pods/Target Support Files/Pods-Move/Pods-Move-frameworks.sh\"\n";
			showEnvVarsInLog = 0;
		};
		7A1CC21774A149C72A91F30E /* [CP] Check Pods Manifest.lock */ = {
			isa = PBXShellScriptBuildPhase;
			buildActionMask = 2147483647;
			files = (
			);
			inputPaths = (
			);
			name = "[CP] Check Pods Manifest.lock";
			outputPaths = (
			);
			runOnlyForDeploymentPostprocessing = 0;
			shellPath = /bin/sh;
			shellScript = "diff \"${PODS_ROOT}/../Podfile.lock\" \"${PODS_ROOT}/Manifest.lock\" > /dev/null\nif [ $? != 0 ] ; then\n    # print error to STDERR\n    echo \"error: The sandbox is not in sync with the Podfile.lock. Run 'pod install' or update your CocoaPods installation.\" >&2\n    exit 1\nfi\n";
			showEnvVarsInLog = 0;
		};
		A859D660A7204CC9476841CE /* [CP] Embed Pods Frameworks */ = {
			isa = PBXShellScriptBuildPhase;
			buildActionMask = 2147483647;
			files = (
			);
			inputPaths = (
			);
			name = "[CP] Embed Pods Frameworks";
			outputPaths = (
			);
			runOnlyForDeploymentPostprocessing = 0;
			shellPath = /bin/sh;
			shellScript = "\"${SRCROOT}/Pods/Target Support Files/Pods-MoveUITests/Pods-MoveUITests-frameworks.sh\"\n";
			showEnvVarsInLog = 0;
		};
		B49AD9518C6BA56F4AB1033F /* [CP] Copy Pods Resources */ = {
			isa = PBXShellScriptBuildPhase;
			buildActionMask = 2147483647;
			files = (
			);
			inputPaths = (
			);
			name = "[CP] Copy Pods Resources";
			outputPaths = (
			);
			runOnlyForDeploymentPostprocessing = 0;
			shellPath = /bin/sh;
			shellScript = "\"${SRCROOT}/Pods/Target Support Files/Pods-Move/Pods-Move-resources.sh\"\n";
			showEnvVarsInLog = 0;
		};
		B5692DB3D7056E87D824FD5E /* [CP] Check Pods Manifest.lock */ = {
			isa = PBXShellScriptBuildPhase;
			buildActionMask = 2147483647;
			files = (
			);
			inputPaths = (
			);
			name = "[CP] Check Pods Manifest.lock";
			outputPaths = (
			);
			runOnlyForDeploymentPostprocessing = 0;
			shellPath = /bin/sh;
			shellScript = "diff \"${PODS_ROOT}/../Podfile.lock\" \"${PODS_ROOT}/Manifest.lock\" > /dev/null\nif [ $? != 0 ] ; then\n    # print error to STDERR\n    echo \"error: The sandbox is not in sync with the Podfile.lock. Run 'pod install' or update your CocoaPods installation.\" >&2\n    exit 1\nfi\n";
			showEnvVarsInLog = 0;
		};
		B7FA335A5CEBF8C8BA98321B /* [CP] Copy Pods Resources */ = {
			isa = PBXShellScriptBuildPhase;
			buildActionMask = 2147483647;
			files = (
			);
			inputPaths = (
			);
			name = "[CP] Copy Pods Resources";
			outputPaths = (
			);
			runOnlyForDeploymentPostprocessing = 0;
			shellPath = /bin/sh;
			shellScript = "\"${SRCROOT}/Pods/Target Support Files/Pods-MoveUITests/Pods-MoveUITests-resources.sh\"\n";
			showEnvVarsInLog = 0;
		};
		C0E1321FEE488C158F36120A /* [CP] Embed Pods Frameworks */ = {
			isa = PBXShellScriptBuildPhase;
			buildActionMask = 2147483647;
			files = (
			);
			inputPaths = (
			);
			name = "[CP] Embed Pods Frameworks";
			outputPaths = (
			);
			runOnlyForDeploymentPostprocessing = 0;
			shellPath = /bin/sh;
			shellScript = "\"${SRCROOT}/Pods/Target Support Files/Pods-MoveTests/Pods-MoveTests-frameworks.sh\"\n";
			showEnvVarsInLog = 0;
		};
/* End PBXShellScriptBuildPhase section */

/* Begin PBXSourcesBuildPhase section */
		E903858B1F2C69F40003F466 /* Sources */ = {
			isa = PBXSourcesBuildPhase;
			buildActionMask = 2147483647;
			files = (
				E90385931F2C69F40003F466 /* AppDelegate.swift in Sources */,
				E90385C21F2CA05C0003F466 /* HomeViewController.swift in Sources */,
				E90385C51F2CA17A0003F466 /* Global.swift in Sources */,
			);
			runOnlyForDeploymentPostprocessing = 0;
		};
		E903859F1F2C69F50003F466 /* Sources */ = {
			isa = PBXSourcesBuildPhase;
			buildActionMask = 2147483647;
			files = (
				E90385A81F2C69F50003F466 /* MoveTests.swift in Sources */,
			);
			runOnlyForDeploymentPostprocessing = 0;
		};
		E90385AA1F2C69F50003F466 /* Sources */ = {
			isa = PBXSourcesBuildPhase;
			buildActionMask = 2147483647;
			files = (
				E90385B31F2C69F50003F466 /* MoveUITests.swift in Sources */,
			);
			runOnlyForDeploymentPostprocessing = 0;
		};
/* End PBXSourcesBuildPhase section */

/* Begin PBXTargetDependency section */
		E90385A51F2C69F50003F466 /* PBXTargetDependency */ = {
			isa = PBXTargetDependency;
			target = E903858E1F2C69F40003F466 /* Move */;
			targetProxy = E90385A41F2C69F50003F466 /* PBXContainerItemProxy */;
		};
		E90385B01F2C69F50003F466 /* PBXTargetDependency */ = {
			isa = PBXTargetDependency;
			target = E903858E1F2C69F40003F466 /* Move */;
			targetProxy = E90385AF1F2C69F50003F466 /* PBXContainerItemProxy */;
		};
/* End PBXTargetDependency section */

/* Begin PBXVariantGroup section */
		E90385961F2C69F40003F466 /* Main.storyboard */ = {
			isa = PBXVariantGroup;
			children = (
				E90385971F2C69F40003F466 /* Base */,
			);
			name = Main.storyboard;
			sourceTree = "<group>";
		};
		E903859B1F2C69F40003F466 /* LaunchScreen.storyboard */ = {
			isa = PBXVariantGroup;
			children = (
				E903859C1F2C69F40003F466 /* Base */,
			);
			name = LaunchScreen.storyboard;
			sourceTree = "<group>";
		};
/* End PBXVariantGroup section */

/* Begin XCBuildConfiguration section */
		E90385B51F2C69F50003F466 /* Debug */ = {
			isa = XCBuildConfiguration;
			buildSettings = {
				ALWAYS_SEARCH_USER_PATHS = NO;
				CLANG_ANALYZER_NONNULL = YES;
				CLANG_ANALYZER_NUMBER_OBJECT_CONVERSION = YES_AGGRESSIVE;
				CLANG_CXX_LANGUAGE_STANDARD = "gnu++0x";
				CLANG_CXX_LIBRARY = "libc++";
				CLANG_ENABLE_MODULES = YES;
				CLANG_ENABLE_OBJC_ARC = YES;
				CLANG_WARN_BOOL_CONVERSION = YES;
				CLANG_WARN_CONSTANT_CONVERSION = YES;
				CLANG_WARN_DIRECT_OBJC_ISA_USAGE = YES_ERROR;
				CLANG_WARN_DOCUMENTATION_COMMENTS = YES;
				CLANG_WARN_EMPTY_BODY = YES;
				CLANG_WARN_ENUM_CONVERSION = YES;
				CLANG_WARN_INFINITE_RECURSION = YES;
				CLANG_WARN_INT_CONVERSION = YES;
				CLANG_WARN_OBJC_ROOT_CLASS = YES_ERROR;
				CLANG_WARN_SUSPICIOUS_MOVE = YES;
				CLANG_WARN_UNREACHABLE_CODE = YES;
				CLANG_WARN__DUPLICATE_METHOD_MATCH = YES;
				"CODE_SIGN_IDENTITY[sdk=iphoneos*]" = "iPhone Developer";
				COPY_PHASE_STRIP = NO;
				DEBUG_INFORMATION_FORMAT = dwarf;
				ENABLE_STRICT_OBJC_MSGSEND = YES;
				ENABLE_TESTABILITY = YES;
				GCC_C_LANGUAGE_STANDARD = gnu99;
				GCC_DYNAMIC_NO_PIC = NO;
				GCC_NO_COMMON_BLOCKS = YES;
				GCC_OPTIMIZATION_LEVEL = 0;
				GCC_PREPROCESSOR_DEFINITIONS = (
					"DEBUG=1",
					"$(inherited)",
				);
				GCC_WARN_64_TO_32_BIT_CONVERSION = YES;
				GCC_WARN_ABOUT_RETURN_TYPE = YES_ERROR;
				GCC_WARN_UNDECLARED_SELECTOR = YES;
				GCC_WARN_UNINITIALIZED_AUTOS = YES_AGGRESSIVE;
				GCC_WARN_UNUSED_FUNCTION = YES;
				GCC_WARN_UNUSED_VARIABLE = YES;
				IPHONEOS_DEPLOYMENT_TARGET = 10.3;
				MTL_ENABLE_DEBUG_INFO = YES;
				ONLY_ACTIVE_ARCH = YES;
				SDKROOT = iphoneos;
				SWIFT_ACTIVE_COMPILATION_CONDITIONS = DEBUG;
				SWIFT_OPTIMIZATION_LEVEL = "-Onone";
			};
			name = Debug;
		};
		E90385B61F2C69F50003F466 /* Release */ = {
			isa = XCBuildConfiguration;
			buildSettings = {
				ALWAYS_SEARCH_USER_PATHS = NO;
				CLANG_ANALYZER_NONNULL = YES;
				CLANG_ANALYZER_NUMBER_OBJECT_CONVERSION = YES_AGGRESSIVE;
				CLANG_CXX_LANGUAGE_STANDARD = "gnu++0x";
				CLANG_CXX_LIBRARY = "libc++";
				CLANG_ENABLE_MODULES = YES;
				CLANG_ENABLE_OBJC_ARC = YES;
				CLANG_WARN_BOOL_CONVERSION = YES;
				CLANG_WARN_CONSTANT_CONVERSION = YES;
				CLANG_WARN_DIRECT_OBJC_ISA_USAGE = YES_ERROR;
				CLANG_WARN_DOCUMENTATION_COMMENTS = YES;
				CLANG_WARN_EMPTY_BODY = YES;
				CLANG_WARN_ENUM_CONVERSION = YES;
				CLANG_WARN_INFINITE_RECURSION = YES;
				CLANG_WARN_INT_CONVERSION = YES;
				CLANG_WARN_OBJC_ROOT_CLASS = YES_ERROR;
				CLANG_WARN_SUSPICIOUS_MOVE = YES;
				CLANG_WARN_UNREACHABLE_CODE = YES;
				CLANG_WARN__DUPLICATE_METHOD_MATCH = YES;
				"CODE_SIGN_IDENTITY[sdk=iphoneos*]" = "iPhone Developer";
				COPY_PHASE_STRIP = NO;
				DEBUG_INFORMATION_FORMAT = "dwarf-with-dsym";
				ENABLE_NS_ASSERTIONS = NO;
				ENABLE_STRICT_OBJC_MSGSEND = YES;
				GCC_C_LANGUAGE_STANDARD = gnu99;
				GCC_NO_COMMON_BLOCKS = YES;
				GCC_WARN_64_TO_32_BIT_CONVERSION = YES;
				GCC_WARN_ABOUT_RETURN_TYPE = YES_ERROR;
				GCC_WARN_UNDECLARED_SELECTOR = YES;
				GCC_WARN_UNINITIALIZED_AUTOS = YES_AGGRESSIVE;
				GCC_WARN_UNUSED_FUNCTION = YES;
				GCC_WARN_UNUSED_VARIABLE = YES;
				IPHONEOS_DEPLOYMENT_TARGET = 10.3;
				MTL_ENABLE_DEBUG_INFO = NO;
				SDKROOT = iphoneos;
				SWIFT_OPTIMIZATION_LEVEL = "-Owholemodule";
				VALIDATE_PRODUCT = YES;
			};
			name = Release;
		};
		E90385B81F2C69F50003F466 /* Debug */ = {
			isa = XCBuildConfiguration;
			baseConfigurationReference = DC7BD564F793019178FAF908 /* Pods-Move.debug.xcconfig */;
			buildSettings = {
				ALWAYS_EMBED_SWIFT_STANDARD_LIBRARIES = "$(inherited)";
				ASSETCATALOG_COMPILER_APPICON_NAME = AppIcon;
				DEVELOPMENT_TEAM = GYL934XVH2;
				INFOPLIST_FILE = Move/Info.plist;
				LD_RUNPATH_SEARCH_PATHS = "$(inherited) @executable_path/Frameworks";
				PRODUCT_BUNDLE_IDENTIFIER = crafted.Move;
				PRODUCT_NAME = "$(TARGET_NAME)";
				SWIFT_VERSION = 3.0;
			};
			name = Debug;
		};
		E90385B91F2C69F50003F466 /* Release */ = {
			isa = XCBuildConfiguration;
			baseConfigurationReference = 003F4545AC796479CD7B2D8E /* Pods-Move.release.xcconfig */;
			buildSettings = {
				ALWAYS_EMBED_SWIFT_STANDARD_LIBRARIES = "$(inherited)";
				ASSETCATALOG_COMPILER_APPICON_NAME = AppIcon;
				DEVELOPMENT_TEAM = GYL934XVH2;
				INFOPLIST_FILE = Move/Info.plist;
				LD_RUNPATH_SEARCH_PATHS = "$(inherited) @executable_path/Frameworks";
				PRODUCT_BUNDLE_IDENTIFIER = crafted.Move;
				PRODUCT_NAME = "$(TARGET_NAME)";
				SWIFT_VERSION = 3.0;
			};
			name = Release;
		};
		E90385BB1F2C69F50003F466 /* Debug */ = {
			isa = XCBuildConfiguration;
			baseConfigurationReference = 23B95304DE9EA4F4869A4336 /* Pods-MoveTests.debug.xcconfig */;
			buildSettings = {
				ALWAYS_EMBED_SWIFT_STANDARD_LIBRARIES = "$(inherited)";
				BUNDLE_LOADER = "$(TEST_HOST)";
				DEVELOPMENT_TEAM = GYL934XVH2;
				INFOPLIST_FILE = MoveTests/Info.plist;
				LD_RUNPATH_SEARCH_PATHS = "$(inherited) @executable_path/Frameworks @loader_path/Frameworks";
				PRODUCT_BUNDLE_IDENTIFIER = crafted.MoveTests;
				PRODUCT_NAME = "$(TARGET_NAME)";
				SWIFT_VERSION = 3.0;
				TEST_HOST = "$(BUILT_PRODUCTS_DIR)/Move.app/Move";
			};
			name = Debug;
		};
		E90385BC1F2C69F50003F466 /* Release */ = {
			isa = XCBuildConfiguration;
			baseConfigurationReference = A6014565BF5861CC09B2DCE4 /* Pods-MoveTests.release.xcconfig */;
			buildSettings = {
				ALWAYS_EMBED_SWIFT_STANDARD_LIBRARIES = "$(inherited)";
				BUNDLE_LOADER = "$(TEST_HOST)";
				DEVELOPMENT_TEAM = GYL934XVH2;
				INFOPLIST_FILE = MoveTests/Info.plist;
				LD_RUNPATH_SEARCH_PATHS = "$(inherited) @executable_path/Frameworks @loader_path/Frameworks";
				PRODUCT_BUNDLE_IDENTIFIER = crafted.MoveTests;
				PRODUCT_NAME = "$(TARGET_NAME)";
				SWIFT_VERSION = 3.0;
				TEST_HOST = "$(BUILT_PRODUCTS_DIR)/Move.app/Move";
			};
			name = Release;
		};
		E90385BE1F2C69F50003F466 /* Debug */ = {
			isa = XCBuildConfiguration;
			baseConfigurationReference = F93BBAD760537272FA28894D /* Pods-MoveUITests.debug.xcconfig */;
			buildSettings = {
				ALWAYS_EMBED_SWIFT_STANDARD_LIBRARIES = "$(inherited)";
				DEVELOPMENT_TEAM = GYL934XVH2;
				INFOPLIST_FILE = MoveUITests/Info.plist;
				LD_RUNPATH_SEARCH_PATHS = "$(inherited) @executable_path/Frameworks @loader_path/Frameworks";
				PRODUCT_BUNDLE_IDENTIFIER = crafted.MoveUITests;
				PRODUCT_NAME = "$(TARGET_NAME)";
				SWIFT_VERSION = 3.0;
				TEST_TARGET_NAME = Move;
			};
			name = Debug;
		};
		E90385BF1F2C69F50003F466 /* Release */ = {
			isa = XCBuildConfiguration;
			baseConfigurationReference = C5F0C9FC74CA48AED0623725 /* Pods-MoveUITests.release.xcconfig */;
			buildSettings = {
				ALWAYS_EMBED_SWIFT_STANDARD_LIBRARIES = "$(inherited)";
				DEVELOPMENT_TEAM = GYL934XVH2;
				INFOPLIST_FILE = MoveUITests/Info.plist;
				LD_RUNPATH_SEARCH_PATHS = "$(inherited) @executable_path/Frameworks @loader_path/Frameworks";
				PRODUCT_BUNDLE_IDENTIFIER = crafted.MoveUITests;
				PRODUCT_NAME = "$(TARGET_NAME)";
				SWIFT_VERSION = 3.0;
				TEST_TARGET_NAME = Move;
			};
			name = Release;
		};
/* End XCBuildConfiguration section */

/* Begin XCConfigurationList section */
		E903858A1F2C69F40003F466 /* Build configuration list for PBXProject "Move" */ = {
			isa = XCConfigurationList;
			buildConfigurations = (
				E90385B51F2C69F50003F466 /* Debug */,
				E90385B61F2C69F50003F466 /* Release */,
			);
			defaultConfigurationIsVisible = 0;
			defaultConfigurationName = Release;
		};
		E90385B71F2C69F50003F466 /* Build configuration list for PBXNativeTarget "Move" */ = {
			isa = XCConfigurationList;
			buildConfigurations = (
				E90385B81F2C69F50003F466 /* Debug */,
				E90385B91F2C69F50003F466 /* Release */,
			);
			defaultConfigurationIsVisible = 0;
			defaultConfigurationName = Release;
		};
		E90385BA1F2C69F50003F466 /* Build configuration list for PBXNativeTarget "MoveTests" */ = {
			isa = XCConfigurationList;
			buildConfigurations = (
				E90385BB1F2C69F50003F466 /* Debug */,
				E90385BC1F2C69F50003F466 /* Release */,
			);
			defaultConfigurationIsVisible = 0;
			defaultConfigurationName = Release;
		};
		E90385BD1F2C69F50003F466 /* Build configuration list for PBXNativeTarget "MoveUITests" */ = {
			isa = XCConfigurationList;
			buildConfigurations = (
				E90385BE1F2C69F50003F466 /* Debug */,
				E90385BF1F2C69F50003F466 /* Release */,
			);
			defaultConfigurationIsVisible = 0;
			defaultConfigurationName = Release;
		};
/* End XCConfigurationList section */
	};
	rootObject = E90385871F2C69F40003F466 /* Project object */;
}
